
Microsoft Visual Studio Solution File, Format Version 12.00
# Visual Studio Version 17
VisualStudioVersion = 17.11.35303.130
MinimumVisualStudioVersion = 10.0.40219.1
Project("{FAE04EC0-301F-11D3-BF4B-00C04F79EFBC}") = "Problem_plecakowy", "Problem_plecakowy\Problem_plecakowy.csproj", "{39F36697-1ADE-43FA-8031-11165241D724}"
EndProject
Project("{FAE04EC0-301F-11D3-BF4B-00C04F79EFBC}") = "Test_Programu_plecakoego", "Test_Programu_plecakoego\Test_Programu_plecakoego.csproj", "{292FB1D8-3BAF-4996-829C-FB6192D4B8F5}"
EndProject
Global
	GlobalSection(SolutionConfigurationPlatforms) = preSolution
		Debug|Any CPU = Debug|Any CPU
		Release|Any CPU = Release|Any CPU
	EndGlobalSection
	GlobalSection(ProjectConfigurationPlatforms) = postSolution
		{39F36697-1ADE-43FA-8031-11165241D724}.Debug|Any CPU.ActiveCfg = Debug|Any CPU
		{39F36697-1ADE-43FA-8031-11165241D724}.Debug|Any CPU.Build.0 = Debug|Any CPU
		{39F36697-1ADE-43FA-8031-11165241D724}.Release|Any CPU.ActiveCfg = Release|Any CPU
		{39F36697-1ADE-43FA-8031-11165241D724}.Release|Any CPU.Build.0 = Release|Any CPU
		{292FB1D8-3BAF-4996-829C-FB6192D4B8F5}.Debug|Any CPU.ActiveCfg = Debug|Any CPU
		{292FB1D8-3BAF-4996-829C-FB6192D4B8F5}.Debug|Any CPU.Build.0 = Debug|Any CPU
		{292FB1D8-3BAF-4996-829C-FB6192D4B8F5}.Release|Any CPU.ActiveCfg = Release|Any CPU
		{292FB1D8-3BAF-4996-829C-FB6192D4B8F5}.Release|Any CPU.Build.0 = Release|Any CPU
	EndGlobalSection
	GlobalSection(SolutionProperties) = preSolution
		HideSolutionNode = FALSE
	EndGlobalSection
	GlobalSection(ExtensibilityGlobals) = postSolution
		SolutionGuid = {824D13D8-9868-4A4A-B9F1-648C3CF0E8FE}
	EndGlobalSection
EndGlobal
